
Microsoft Visual Studio Solution File, Format Version 12.00
# Visual Studio Version 17
VisualStudioVersion = 17.7.33906.173
MinimumVisualStudioVersion = 10.0.40219.1
Project("{FAE04EC0-301F-11D3-BF4B-00C04F79EFBC}") = "Net8BlazorServer", "Net8BlazorServer.csproj", "{EEF34215-2626-4FC0-BB73-0979EA0D6D2F}"
EndProject
Global
	GlobalSection(SolutionConfigurationPlatforms) = preSolution
		Debug|Any CPU = Debug|Any CPU
		Release|Any CPU = Release|Any CPU
	EndGlobalSection
	GlobalSection(ProjectConfigurationPlatforms) = postSolution
		{EEF34215-2626-4FC0-BB73-0979EA0D6D2F}.Debug|Any CPU.ActiveCfg = Debug|Any CPU
		{EEF34215-2626-4FC0-BB73-0979EA0D6D2F}.Debug|Any CPU.Build.0 = Debug|Any CPU
		{EEF34215-2626-4FC0-BB73-0979EA0D6D2F}.Release|Any CPU.ActiveCfg = Release|Any CPU
		{EEF34215-2626-4FC0-BB73-0979EA0D6D2F}.Release|Any CPU.Build.0 = Release|Any CPU
	EndGlobalSection
	GlobalSection(SolutionProperties) = preSolution
		HideSolutionNode = FALSE
	EndGlobalSection
	GlobalSection(ExtensibilityGlobals) = postSolution
		SolutionGuid = {DBDA890F-9A6B-4AD5-B3D0-5C758757A41F}
	EndGlobalSection
EndGlobal
